# This file is automatically @generated by Cargo.
# It is not intended for manual editing.
version = 4

[[package]]
name = "curl"
version = "0.1.0"

[[patch.unused]]
name = "redox-ioctl"
version = "0.1.0"

[[patch.unused]]
name = "redox-rt"
version = "0.1.0"

[[patch.unused]]
name = "relibc"
version = "0.2.5"

[[patch.unused]]
name = "redox-rt"
version = "0.1.0"

[[patch.unused]]
name = "relibc"
version = "0.2.5"
